{
  "lockfile_version": "1",
  "packages": {
    "github:NixOS/nixpkgs/nixpkgs-unstable": {
      "resolved": "github:NixOS/nixpkgs/2d068ae5c6516b2d04562de50a58c682540de9bf?lastModified=1740303746&narHash=sha256-XcdiWLEhjJkMxDLKQJ0CCivmYYCvA5MDxu9pMybM5kM%3D"
    },
    "nodejs@latest": {
      "last_modified": "2025-02-07T11:26:36Z",
      "plugin_version": "0.0.2",
      "resolved": "github:NixOS/nixpkgs/d98abf5cf5914e5e4e9d57205e3af55ca90ffc1d#nodejs_23",
      "source": "devbox-search",
      "version": "23.7.0",
      "systems": {
        "aarch64-darwin": {
          "outputs": [
            {
              "name": "out",
              "path": "/nix/store/arnrjx5pv8fdm435y0yy5yd9npsx9f4h-nodejs-23.7.0",
              "default": true
            },
            {
              "name": "libv8",
              "path": "/nix/store/shrd4h6v2h506rzz030yh55nll9ciw9z-nodejs-23.7.0-libv8"
            }
          ],
          "store_path": "/nix/store/arnrjx5pv8fdm435y0yy5yd9npsx9f4h-nodejs-23.7.0"
        },
        "aarch64-linux": {
          "outputs": [
            {
              "name": "out",
              "path": "/nix/store/dhxnx4hx74bg6mdaqd11jjwqxzi8mkzw-nodejs-23.7.0",
              "default": true
            },
            {
              "name": "libv8",
              "path": "/nix/store/4a5kd7jsc4ac99acb3rs8zyhh8rz32b5-nodejs-23.7.0-libv8"
            }
          ],
          "store_path": "/nix/store/dhxnx4hx74bg6mdaqd11jjwqxzi8mkzw-nodejs-23.7.0"
        },
        "x86_64-darwin": {
          "outputs": [
            {
              "name": "out",
              "path": "/nix/store/q5hzfl9nca4xfggxwh1w94kxladr92hg-nodejs-23.7.0",
              "default": true
            },
            {
              "name": "libv8",
              "path": "/nix/store/f3c6lca6i3iwbbf683vdciq5p5ra22q2-nodejs-23.7.0-libv8"
            }
          ],
          "store_path": "/nix/store/q5hzfl9nca4xfggxwh1w94kxladr92hg-nodejs-23.7.0"
        },
        "x86_64-linux": {
          "outputs": [
            {
              "name": "out",
              "path": "/nix/store/lxmrn8kfmld567cjn6h4n5qcwdvp5ynd-nodejs-23.7.0",
              "default": true
            },
            {
              "name": "libv8",
              "path": "/nix/store/697fmkjsn1i8xwyjd2vxlbnm6g6q27yg-nodejs-23.7.0-libv8"
            }
          ],
          "store_path": "/nix/store/lxmrn8kfmld567cjn6h4n5qcwdvp5ynd-nodejs-23.7.0"
        }
      }
    },
    "typescript-language-server@latest": {
      "last_modified": "2025-02-16T09:28:34Z",
      "resolved": "github:NixOS/nixpkgs/b1b43d32be000928cc71250ed77f4a0a5f2bc23a#typescript-language-server",
      "source": "devbox-search",
      "version": "4.3.3",
      "systems": {
        "aarch64-darwin": {
          "outputs": [
            {
              "name": "out",
              "path": "/nix/store/f9jiy3c1nvpc8zhzm58dhr1dya219sx4-typescript-language-server-4.3.3",
              "default": true
            }
          ],
          "store_path": "/nix/store/f9jiy3c1nvpc8zhzm58dhr1dya219sx4-typescript-language-server-4.3.3"
        },
        "aarch64-linux": {
          "outputs": [
            {
              "name": "out",
              "path": "/nix/store/sllh7m9zjb6g141hfsij0i478rbc7299-typescript-language-server-4.3.3",
              "default": true
            }
          ],
          "store_path": "/nix/store/sllh7m9zjb6g141hfsij0i478rbc7299-typescript-language-server-4.3.3"
        },
        "x86_64-darwin": {
          "outputs": [
            {
              "name": "out",
              "path": "/nix/store/b4fw9cfcp6z9lr2axzin88n74im3izn0-typescript-language-server-4.3.3",
              "default": true
            }
          ],
          "store_path": "/nix/store/b4fw9cfcp6z9lr2axzin88n74im3izn0-typescript-language-server-4.3.3"
        },
        "x86_64-linux": {
          "outputs": [
            {
              "name": "out",
              "path": "/nix/store/n7pgjjzni7dfwq5wmy16pn1h56ajz5jy-typescript-language-server-4.3.3",
              "default": true
            }
          ],
          "store_path": "/nix/store/n7pgjjzni7dfwq5wmy16pn1h56ajz5jy-typescript-language-server-4.3.3"
        }
      }
    }
  }
}
